
Microsoft Visual Studio Solution File, Format Version 12.00
# Visual Studio Version 16
VisualStudioVersion = 16.0.31313.79
MinimumVisualStudioVersion = 10.0.40219.1
Project("{FAE04EC0-301F-11D3-BF4B-00C04F79EFBC}") = "Lab 5", "Lab 5\Lab 5.csproj", "{0D8E33E1-0A31-4E48-8D94-1219B0FC3580}"
EndProject
Global
	GlobalSection(SolutionConfigurationPlatforms) = preSolution
		Debug|Any CPU = Debug|Any CPU
		Release|Any CPU = Release|Any CPU
	EndGlobalSection
	GlobalSection(ProjectConfigurationPlatforms) = postSolution
		{0D8E33E1-0A31-4E48-8D94-1219B0FC3580}.Debug|Any CPU.ActiveCfg = Debug|Any CPU
		{0D8E33E1-0A31-4E48-8D94-1219B0FC3580}.Debug|Any CPU.Build.0 = Debug|Any CPU
		{0D8E33E1-0A31-4E48-8D94-1219B0FC3580}.Release|Any CPU.ActiveCfg = Release|Any CPU
		{0D8E33E1-0A31-4E48-8D94-1219B0FC3580}.Release|Any CPU.Build.0 = Release|Any CPU
	EndGlobalSection
	GlobalSection(SolutionProperties) = preSolution
		HideSolutionNode = FALSE
	EndGlobalSection
	GlobalSection(ExtensibilityGlobals) = postSolution
		SolutionGuid = {1CFFABD0-4ED0-425E-B384-65C569FCF9C2}
	EndGlobalSection
EndGlobal
