
Microsoft Visual Studio Solution File, Format Version 12.00
# Visual Studio Version 16
VisualStudioVersion = 16.0.31112.23
MinimumVisualStudioVersion = 10.0.40219.1
Project("{FAE04EC0-301F-11D3-BF4B-00C04F79EFBC}") = "Zadanie 3", "Zadanie 3\Zadanie 3.csproj", "{7FCC13E9-0A01-42A6-B87E-8043AB21D191}"
EndProject
Global
	GlobalSection(SolutionConfigurationPlatforms) = preSolution
		Debug|Any CPU = Debug|Any CPU
		Release|Any CPU = Release|Any CPU
	EndGlobalSection
	GlobalSection(ProjectConfigurationPlatforms) = postSolution
		{7FCC13E9-0A01-42A6-B87E-8043AB21D191}.Debug|Any CPU.ActiveCfg = Debug|Any CPU
		{7FCC13E9-0A01-42A6-B87E-8043AB21D191}.Debug|Any CPU.Build.0 = Debug|Any CPU
		{7FCC13E9-0A01-42A6-B87E-8043AB21D191}.Release|Any CPU.ActiveCfg = Release|Any CPU
		{7FCC13E9-0A01-42A6-B87E-8043AB21D191}.Release|Any CPU.Build.0 = Release|Any CPU
	EndGlobalSection
	GlobalSection(SolutionProperties) = preSolution
		HideSolutionNode = FALSE
	EndGlobalSection
	GlobalSection(ExtensibilityGlobals) = postSolution
		SolutionGuid = {22EC1C18-C1BF-4158-BB32-3128EAE5738E}
	EndGlobalSection
EndGlobal
